// !$*UTF8*$!
{
	archiveVersion = 1;
	classes = {
	};
	objectVersion = 46;
	objects = {

/* Begin PBXBuildFile section */
		C945844B1EE7ABB40068265D /* AppDelegate.swift in Sources */ = {isa = PBXBuildFile; fileRef = C945844A1EE7ABB40068265D /* AppDelegate.swift */; };
		C945844D1EE7ABB40068265D /* ViewController.swift in Sources */ = {isa = PBXBuildFile; fileRef = C945844C1EE7ABB40068265D /* ViewController.swift */; };
		C94584501EE7ABB40068265D /* Main.storyboard in Resources */ = {isa = PBXBuildFile; fileRef = C945844E1EE7ABB40068265D /* Main.storyboard */; };
		C94584521EE7ABB40068265D /* Assets.xcassets in Resources */ = {isa = PBXBuildFile; fileRef = C94584511EE7ABB40068265D /* Assets.xcassets */; };
		C94584551EE7ABB40068265D /* LaunchScreen.storyboard in Resources */ = {isa = PBXBuildFile; fileRef = C94584531EE7ABB40068265D /* LaunchScreen.storyboard */; };
		C94584601EE7ABB40068265D /* iWeatherTests.swift in Sources */ = {isa = PBXBuildFile; fileRef = C945845F1EE7ABB40068265D /* iWeatherTests.swift */; };
		C945846B1EE7ABB40068265D /* iWeatherUITests.swift in Sources */ = {isa = PBXBuildFile; fileRef = C945846A1EE7ABB40068265D /* iWeatherUITests.swift */; };
		C945847D1EE7BB290068265D /* Blood.png in Resources */ = {isa = PBXBuildFile; fileRef = C945847C1EE7BB290068265D /* Blood.png */; };
		C945847F1EE7BB680068265D /* Moon.png in Resources */ = {isa = PBXBuildFile; fileRef = C945847E1EE7BB680068265D /* Moon.png */; };
		C94584811EE7BB6F0068265D /* Sun.png in Resources */ = {isa = PBXBuildFile; fileRef = C94584801EE7BB6F0068265D /* Sun.png */; };
		C94584861EE7BBEA0068265D /* location@2x.png in Resources */ = {isa = PBXBuildFile; fileRef = C94584851EE7BBEA0068265D /* location@2x.png */; };
		C94584881EE7BBF40068265D /* location.png in Resources */ = {isa = PBXBuildFile; fileRef = C94584871EE7BBF40068265D /* location.png */; };
		C945848D1EE7BBFE0068265D /* location@3x.png in Resources */ = {isa = PBXBuildFile; fileRef = C94584891EE7BBFE0068265D /* location@3x.png */; };
		C945848E1EE7BBFE0068265D /* Refresh.png in Resources */ = {isa = PBXBuildFile; fileRef = C945848A1EE7BBFE0068265D /* Refresh.png */; };
		C945848F1EE7BBFE0068265D /* Refresh@2x.png in Resources */ = {isa = PBXBuildFile; fileRef = C945848B1EE7BBFE0068265D /* Refresh@2x.png */; };
		C94584901EE7BBFE0068265D /* Refresh@3x.png in Resources */ = {isa = PBXBuildFile; fileRef = C945848C1EE7BBFE0068265D /* Refresh@3x.png */; };
/* End PBXBuildFile section */

/* Begin PBXContainerItemProxy section */
		C945845C1EE7ABB40068265D /* PBXContainerItemProxy */ = {
			isa = PBXContainerItemProxy;
			containerPortal = C945843F1EE7ABB40068265D /* Project object */;
			proxyType = 1;
			remoteGlobalIDString = C94584461EE7ABB40068265D;
			remoteInfo = iWeather;
		};
		C94584671EE7ABB40068265D /* PBXContainerItemProxy */ = {
			isa = PBXContainerItemProxy;
			containerPortal = C945843F1EE7ABB40068265D /* Project object */;
			proxyType = 1;
			remoteGlobalIDString = C94584461EE7ABB40068265D;
			remoteInfo = iWeather;
		};
/* End PBXContainerItemProxy section */

/* Begin PBXFileReference section */
		C94584471EE7ABB40068265D /* iWeather.app */ = {isa = PBXFileReference; explicitFileType = wrapper.application; includeInIndex = 0; path = iWeather.app; sourceTree = BUILT_PRODUCTS_DIR; };
		C945844A1EE7ABB40068265D /* AppDelegate.swift */ = {isa = PBXFileReference; lastKnownFileType = sourcecode.swift; path = AppDelegate.swift; sourceTree = "<group>"; };
		C945844C1EE7ABB40068265D /* ViewController.swift */ = {isa = PBXFileReference; lastKnownFileType = sourcecode.swift; path = ViewController.swift; sourceTree = "<group>"; };
		C945844F1EE7ABB40068265D /* Base */ = {isa = PBXFileReference; lastKnownFileType = file.storyboard; name = Base; path = Base.lproj/Main.storyboard; sourceTree = "<group>"; };
		C94584511EE7ABB40068265D /* Assets.xcassets */ = {isa = PBXFileReference; lastKnownFileType = folder.assetcatalog; path = Assets.xcassets; sourceTree = "<group>"; };
		C94584541EE7ABB40068265D /* Base */ = {isa = PBXFileReference; lastKnownFileType = file.storyboard; name = Base; path = Base.lproj/LaunchScreen.storyboard; sourceTree = "<group>"; };
		C94584561EE7ABB40068265D /* Info.plist */ = {isa = PBXFileReference; lastKnownFileType = text.plist.xml; path = Info.plist; sourceTree = "<group>"; };
		C945845B1EE7ABB40068265D /* iWeatherTests.xctest */ = {isa = PBXFileReference; explicitFileType = wrapper.cfbundle; includeInIndex = 0; path = iWeatherTests.xctest; sourceTree = BUILT_PRODUCTS_DIR; };
		C945845F1EE7ABB40068265D /* iWeatherTests.swift */ = {isa = PBXFileReference; lastKnownFileType = sourcecode.swift; path = iWeatherTests.swift; sourceTree = "<group>"; };
		C94584611EE7ABB40068265D /* Info.plist */ = {isa = PBXFileReference; lastKnownFileType = text.plist.xml; path = Info.plist; sourceTree = "<group>"; };
		C94584661EE7ABB40068265D /* iWeatherUITests.xctest */ = {isa = PBXFileReference; explicitFileType = wrapper.cfbundle; includeInIndex = 0; path = iWeatherUITests.xctest; sourceTree = BUILT_PRODUCTS_DIR; };
		C945846A1EE7ABB40068265D /* iWeatherUITests.swift */ = {isa = PBXFileReference; lastKnownFileType = sourcecode.swift; path = iWeatherUITests.swift; sourceTree = "<group>"; };
		C945846C1EE7ABB40068265D /* Info.plist */ = {isa = PBXFileReference; lastKnownFileType = text.plist.xml; path = Info.plist; sourceTree = "<group>"; };
		C945847C1EE7BB290068265D /* Blood.png */ = {isa = PBXFileReference; lastKnownFileType = image.png; path = Blood.png; sourceTree = "<group>"; };
		C945847E1EE7BB680068265D /* Moon.png */ = {isa = PBXFileReference; lastKnownFileType = image.png; path = Moon.png; sourceTree = "<group>"; };
		C94584801EE7BB6F0068265D /* Sun.png */ = {isa = PBXFileReference; lastKnownFileType = image.png; path = Sun.png; sourceTree = "<group>"; };
		C94584851EE7BBEA0068265D /* location@2x.png */ = {isa = PBXFileReference; lastKnownFileType = image.png; path = "location@2x.png"; sourceTree = "<group>"; };
		C94584871EE7BBF40068265D /* location.png */ = {isa = PBXFileReference; lastKnownFileType = image.png; path = location.png; sourceTree = "<group>"; };
		C94584891EE7BBFE0068265D /* location@3x.png */ = {isa = PBXFileReference; lastKnownFileType = image.png; path = "location@3x.png"; sourceTree = "<group>"; };
		C945848A1EE7BBFE0068265D /* Refresh.png */ = {isa = PBXFileReference; lastKnownFileType = image.png; path = Refresh.png; sourceTree = "<group>"; };
		C945848B1EE7BBFE0068265D /* Refresh@2x.png */ = {isa = PBXFileReference; lastKnownFileType = image.png; path = "Refresh@2x.png"; sourceTree = "<group>"; };
		C945848C1EE7BBFE0068265D /* Refresh@3x.png */ = {isa = PBXFileReference; lastKnownFileType = image.png; path = "Refresh@3x.png"; sourceTree = "<group>"; };
/* End PBXFileReference section */

/* Begin PBXFrameworksBuildPhase section */
		C94584441EE7ABB40068265D /* Frameworks */ = {
			isa = PBXFrameworksBuildPhase;
			buildActionMask = 2147483647;
			files = (
			);
			runOnlyForDeploymentPostprocessing = 0;
		};
		C94584581EE7ABB40068265D /* Frameworks */ = {
			isa = PBXFrameworksBuildPhase;
			buildActionMask = 2147483647;
			files = (
			);
			runOnlyForDeploymentPostprocessing = 0;
		};
		C94584631EE7ABB40068265D /* Frameworks */ = {
			isa = PBXFrameworksBuildPhase;
			buildActionMask = 2147483647;
			files = (
			);
			runOnlyForDeploymentPostprocessing = 0;
		};
/* End PBXFrameworksBuildPhase section */

/* Begin PBXGroup section */
		C945843E1EE7ABB40068265D = {
			isa = PBXGroup;
			children = (
				C94584491EE7ABB40068265D /* iWeather */,
				C945845E1EE7ABB40068265D /* iWeatherTests */,
				C94584691EE7ABB40068265D /* iWeatherUITests */,
				C94584481EE7ABB40068265D /* Products */,
			);
			sourceTree = "<group>";
		};
		C94584481EE7ABB40068265D /* Products */ = {
			isa = PBXGroup;
			children = (
				C94584471EE7ABB40068265D /* iWeather.app */,
				C945845B1EE7ABB40068265D /* iWeatherTests.xctest */,
				C94584661EE7ABB40068265D /* iWeatherUITests.xctest */,
			);
			name = Products;
			sourceTree = "<group>";
		};
		C94584491EE7ABB40068265D /* iWeather */ = {
			isa = PBXGroup;
			children = (
				C94584841EE7BBB20068265D /* Icon */,
				C94584821EE7BB7A0068265D /* New Group */,
				C945844A1EE7ABB40068265D /* AppDelegate.swift */,
				C945844C1EE7ABB40068265D /* ViewController.swift */,
				C945844E1EE7ABB40068265D /* Main.storyboard */,
				C94584511EE7ABB40068265D /* Assets.xcassets */,
				C94584531EE7ABB40068265D /* LaunchScreen.storyboard */,
				C94584561EE7ABB40068265D /* Info.plist */,
			);
			path = iWeather;
			sourceTree = "<group>";
		};
		C945845E1EE7ABB40068265D /* iWeatherTests */ = {
			isa = PBXGroup;
			children = (
				C945845F1EE7ABB40068265D /* iWeatherTests.swift */,
				C94584611EE7ABB40068265D /* Info.plist */,
			);
			path = iWeatherTests;
			sourceTree = "<group>";
		};
		C94584691EE7ABB40068265D /* iWeatherUITests */ = {
			isa = PBXGroup;
			children = (
				C945846A1EE7ABB40068265D /* iWeatherUITests.swift */,
				C945846C1EE7ABB40068265D /* Info.plist */,
			);
			path = iWeatherUITests;
			sourceTree = "<group>";
		};
		C94584821EE7BB7A0068265D /* New Group */ = {
			isa = PBXGroup;
			children = (
				C94584801EE7BB6F0068265D /* Sun.png */,
				C945847E1EE7BB680068265D /* Moon.png */,
				C945847C1EE7BB290068265D /* Blood.png */,
			);
			name = "New Group";
			sourceTree = "<group>";
		};
		C94584841EE7BBB20068265D /* Icon */ = {
			isa = PBXGroup;
			children = (
				C94584891EE7BBFE0068265D /* location@3x.png */,
				C945848A1EE7BBFE0068265D /* Refresh.png */,
				C945848B1EE7BBFE0068265D /* Refresh@2x.png */,
				C945848C1EE7BBFE0068265D /* Refresh@3x.png */,
				C94584871EE7BBF40068265D /* location.png */,
				C94584851EE7BBEA0068265D /* location@2x.png */,
			);
			name = Icon;
			sourceTree = "<group>";
		};
/* End PBXGroup section */

/* Begin PBXNativeTarget section */
		C94584461EE7ABB40068265D /* iWeather */ = {
			isa = PBXNativeTarget;
			buildConfigurationList = C945846F1EE7ABB40068265D /* Build configuration list for PBXNativeTarget "iWeather" */;
			buildPhases = (
				C94584431EE7ABB40068265D /* Sources */,
				C94584441EE7ABB40068265D /* Frameworks */,
				C94584451EE7ABB40068265D /* Resources */,
			);
			buildRules = (
			);
			dependencies = (
			);
			name = iWeather;
			productName = iWeather;
			productReference = C94584471EE7ABB40068265D /* iWeather.app */;
			productType = "com.apple.product-type.application";
		};
		C945845A1EE7ABB40068265D /* iWeatherTests */ = {
			isa = PBXNativeTarget;
			buildConfigurationList = C94584721EE7ABB40068265D /* Build configuration list for PBXNativeTarget "iWeatherTests" */;
			buildPhases = (
				C94584571EE7ABB40068265D /* Sources */,
				C94584581EE7ABB40068265D /* Frameworks */,
				C94584591EE7ABB40068265D /* Resources */,
			);
			buildRules = (
			);
			dependencies = (
				C945845D1EE7ABB40068265D /* PBXTargetDependency */,
			);
			name = iWeatherTests;
			productName = iWeatherTests;
			productReference = C945845B1EE7ABB40068265D /* iWeatherTests.xctest */;
			productType = "com.apple.product-type.bundle.unit-test";
		};
		C94584651EE7ABB40068265D /* iWeatherUITests */ = {
			isa = PBXNativeTarget;
			buildConfigurationList = C94584751EE7ABB40068265D /* Build configuration list for PBXNativeTarget "iWeatherUITests" */;
			buildPhases = (
				C94584621EE7ABB40068265D /* Sources */,
				C94584631EE7ABB40068265D /* Frameworks */,
				C94584641EE7ABB40068265D /* Resources */,
			);
			buildRules = (
			);
			dependencies = (
				C94584681EE7ABB40068265D /* PBXTargetDependency */,
			);
			name = iWeatherUITests;
			productName = iWeatherUITests;
			productReference = C94584661EE7ABB40068265D /* iWeatherUITests.xctest */;
			productType = "com.apple.product-type.bundle.ui-testing";
		};
/* End PBXNativeTarget section */

/* Begin PBXProject section */
		C945843F1EE7ABB40068265D /* Project object */ = {
			isa = PBXProject;
			attributes = {
				LastSwiftUpdateCheck = 0830;
				LastUpgradeCheck = 0830;
				ORGANIZATIONNAME = hungtran;
				TargetAttributes = {
					C94584461EE7ABB40068265D = {
						CreatedOnToolsVersion = 8.3.2;
						ProvisioningStyle = Automatic;
					};
					C945845A1EE7ABB40068265D = {
						CreatedOnToolsVersion = 8.3.2;
						ProvisioningStyle = Automatic;
						TestTargetID = C94584461EE7ABB40068265D;
					};
					C94584651EE7ABB40068265D = {
						CreatedOnToolsVersion = 8.3.2;
						ProvisioningStyle = Automatic;
						TestTargetID = C94584461EE7ABB40068265D;
					};
				};
			};
			buildConfigurationList = C94584421EE7ABB40068265D /* Build configuration list for PBXProject "iWeather" */;
			compatibilityVersion = "Xcode 3.2";
			developmentRegion = English;
			hasScannedForEncodings = 0;
			knownRegions = (
				en,
				Base,
			);
			mainGroup = C945843E1EE7ABB40068265D;
			productRefGroup = C94584481EE7ABB40068265D /* Products */;
			projectDirPath = "";
			projectRoot = "";
			targets = (
				C94584461EE7ABB40068265D /* iWeather */,
				C945845A1EE7ABB40068265D /* iWeatherTests */,
				C94584651EE7ABB40068265D /* iWeatherUITests */,
			);
		};
/* End PBXProject section */

/* Begin PBXResourcesBuildPhase section */
		C94584451EE7ABB40068265D /* Resources */ = {
			isa = PBXResourcesBuildPhase;
			buildActionMask = 2147483647;
			files = (
				C945848D1EE7BBFE0068265D /* location@3x.png in Resources */,
				C94584811EE7BB6F0068265D /* Sun.png in Resources */,
				C945848F1EE7BBFE0068265D /* Refresh@2x.png in Resources */,
				C945847D1EE7BB290068265D /* Blood.png in Resources */,
				C94584551EE7ABB40068265D /* LaunchScreen.storyboard in Resources */,
				C94584521EE7ABB40068265D /* Assets.xcassets in Resources */,
				C94584881EE7BBF40068265D /* location.png in Resources */,
				C945848E1EE7BBFE0068265D /* Refresh.png in Resources */,
				C94584901EE7BBFE0068265D /* Refresh@3x.png in Resources */,
				C94584501EE7ABB40068265D /* Main.storyboard in Resources */,
				C94584861EE7BBEA0068265D /* location@2x.png in Resources */,
				C945847F1EE7BB680068265D /* Moon.png in Resources */,
			);
			runOnlyForDeploymentPostprocessing = 0;
		};
		C94584591EE7ABB40068265D /* Resources */ = {
			isa = PBXResourcesBuildPhase;
			buildActionMask = 2147483647;
			files = (
			);
			runOnlyForDeploymentPostprocessing = 0;
		};
		C94584641EE7ABB40068265D /* Resources */ = {
			isa = PBXResourcesBuildPhase;
			buildActionMask = 2147483647;
			files = (
			);
			runOnlyForDeploymentPostprocessing = 0;
		};
/* End PBXResourcesBuildPhase section */

/* Begin PBXSourcesBuildPhase section */
		C94584431EE7ABB40068265D /* Sources */ = {
			isa = PBXSourcesBuildPhase;
			buildActionMask = 2147483647;
			files = (
				C945844D1EE7ABB40068265D /* ViewController.swift in Sources */,
				C945844B1EE7ABB40068265D /* AppDelegate.swift in Sources */,
			);
			runOnlyForDeploymentPostprocessing = 0;
		};
		C94584571EE7ABB40068265D /* Sources */ = {
			isa = PBXSourcesBuildPhase;
			buildActionMask = 2147483647;
			files = (
				C94584601EE7ABB40068265D /* iWeatherTests.swift in Sources */,
			);
			runOnlyForDeploymentPostprocessing = 0;
		};
		C94584621EE7ABB40068265D /* Sources */ = {
			isa = PBXSourcesBuildPhase;
			buildActionMask = 2147483647;
			files = (
				C945846B1EE7ABB40068265D /* iWeatherUITests.swift in Sources */,
			);
			runOnlyForDeploymentPostprocessing = 0;
		};
/* End PBXSourcesBuildPhase section */

/* Begin PBXTargetDependency section */
		C945845D1EE7ABB40068265D /* PBXTargetDependency */ = {
			isa = PBXTargetDependency;
			target = C94584461EE7ABB40068265D /* iWeather */;
			targetProxy = C945845C1EE7ABB40068265D /* PBXContainerItemProxy */;
		};
		C94584681EE7ABB40068265D /* PBXTargetDependency */ = {
			isa = PBXTargetDependency;
			target = C94584461EE7ABB40068265D /* iWeather */;
			targetProxy = C94584671EE7ABB40068265D /* PBXContainerItemProxy */;
		};
/* End PBXTargetDependency section */

/* Begin PBXVariantGroup section */
		C945844E1EE7ABB40068265D /* Main.storyboard */ = {
			isa = PBXVariantGroup;
			children = (
				C945844F1EE7ABB40068265D /* Base */,
			);
			name = Main.storyboard;
			sourceTree = "<group>";
		};
		C94584531EE7ABB40068265D /* LaunchScreen.storyboard */ = {
			isa = PBXVariantGroup;
			children = (
				C94584541EE7ABB40068265D /* Base */,
			);
			name = LaunchScreen.storyboard;
			sourceTree = "<group>";
		};
/* End PBXVariantGroup section */

/* Begin XCBuildConfiguration section */
		C945846D1EE7ABB40068265D /* Debug */ = {
			isa = XCBuildConfiguration;
			buildSettings = {
				ALWAYS_SEARCH_USER_PATHS = NO;
				CLANG_ANALYZER_NONNULL = YES;
				CLANG_ANALYZER_NUMBER_OBJECT_CONVERSION = YES_AGGRESSIVE;
				CLANG_CXX_LANGUAGE_STANDARD = "gnu++0x";
				CLANG_CXX_LIBRARY = "libc++";
				CLANG_ENABLE_MODULES = YES;
				CLANG_ENABLE_OBJC_ARC = YES;
				CLANG_WARN_BOOL_CONVERSION = YES;
				CLANG_WARN_CONSTANT_CONVERSION = YES;
				CLANG_WARN_DIRECT_OBJC_ISA_USAGE = YES_ERROR;
				CLANG_WARN_DOCUMENTATION_COMMENTS = YES;
				CLANG_WARN_EMPTY_BODY = YES;
				CLANG_WARN_ENUM_CONVERSION = YES;
				CLANG_WARN_INFINITE_RECURSION = YES;
				CLANG_WARN_INT_CONVERSION = YES;
				CLANG_WARN_OBJC_ROOT_CLASS = YES_ERROR;
				CLANG_WARN_SUSPICIOUS_MOVE = YES;
				CLANG_WARN_UNREACHABLE_CODE = YES;
				CLANG_WARN__DUPLICATE_METHOD_MATCH = YES;
				"CODE_SIGN_IDENTITY[sdk=iphoneos*]" = "iPhone Developer";
				COPY_PHASE_STRIP = NO;
				DEBUG_INFORMATION_FORMAT = dwarf;
				ENABLE_STRICT_OBJC_MSGSEND = YES;
				ENABLE_TESTABILITY = YES;
				GCC_C_LANGUAGE_STANDARD = gnu99;
				GCC_DYNAMIC_NO_PIC = NO;
				GCC_NO_COMMON_BLOCKS = YES;
				GCC_OPTIMIZATION_LEVEL = 0;
				GCC_PREPROCESSOR_DEFINITIONS = (
					"DEBUG=1",
					"$(inherited)",
				);
				GCC_WARN_64_TO_32_BIT_CONVERSION = YES;
				GCC_WARN_ABOUT_RETURN_TYPE = YES_ERROR;
				GCC_WARN_UNDECLARED_SELECTOR = YES;
				GCC_WARN_UNINITIALIZED_AUTOS = YES_AGGRESSIVE;
				GCC_WARN_UNUSED_FUNCTION = YES;
				GCC_WARN_UNUSED_VARIABLE = YES;
				IPHONEOS_DEPLOYMENT_TARGET = 10.3;
				MTL_ENABLE_DEBUG_INFO = YES;
				ONLY_ACTIVE_ARCH = YES;
				SDKROOT = iphoneos;
				SWIFT_ACTIVE_COMPILATION_CONDITIONS = DEBUG;
				SWIFT_OPTIMIZATION_LEVEL = "-Onone";
				TARGETED_DEVICE_FAMILY = "1,2";
			};
			name = Debug;
		};
		C945846E1EE7ABB40068265D /* Release */ = {
			isa = XCBuildConfiguration;
			buildSettings = {
				ALWAYS_SEARCH_USER_PATHS = NO;
				CLANG_ANALYZER_NONNULL = YES;
				CLANG_ANALYZER_NUMBER_OBJECT_CONVERSION = YES_AGGRESSIVE;
				CLANG_CXX_LANGUAGE_STANDARD = "gnu++0x";
				CLANG_CXX_LIBRARY = "libc++";
				CLANG_ENABLE_MODULES = YES;
				CLANG_ENABLE_OBJC_ARC = YES;
				CLANG_WARN_BOOL_CONVERSION = YES;
				CLANG_WARN_CONSTANT_CONVERSION = YES;
				CLANG_WARN_DIRECT_OBJC_ISA_USAGE = YES_ERROR;
				CLANG_WARN_DOCUMENTATION_COMMENTS = YES;
				CLANG_WARN_EMPTY_BODY = YES;
				CLANG_WARN_ENUM_CONVERSION = YES;
				CLANG_WARN_INFINITE_RECURSION = YES;
				CLANG_WARN_INT_CONVERSION = YES;
				CLANG_WARN_OBJC_ROOT_CLASS = YES_ERROR;
				CLANG_WARN_SUSPICIOUS_MOVE = YES;
				CLANG_WARN_UNREACHABLE_CODE = YES;
				CLANG_WARN__DUPLICATE_METHOD_MATCH = YES;
				"CODE_SIGN_IDENTITY[sdk=iphoneos*]" = "iPhone Developer";
				COPY_PHASE_STRIP = NO;
				DEBUG_INFORMATION_FORMAT = "dwarf-with-dsym";
				ENABLE_NS_ASSERTIONS = NO;
				ENABLE_STRICT_OBJC_MSGSEND = YES;
				GCC_C_LANGUAGE_STANDARD = gnu99;
				GCC_NO_COMMON_BLOCKS = YES;
				GCC_WARN_64_TO_32_BIT_CONVERSION = YES;
				GCC_WARN_ABOUT_RETURN_TYPE = YES_ERROR;
				GCC_WARN_UNDECLARED_SELECTOR = YES;
				GCC_WARN_UNINITIALIZED_AUTOS = YES_AGGRESSIVE;
				GCC_WARN_UNUSED_FUNCTION = YES;
				GCC_WARN_UNUSED_VARIABLE = YES;
				IPHONEOS_DEPLOYMENT_TARGET = 10.3;
				MTL_ENABLE_DEBUG_INFO = NO;
				SDKROOT = iphoneos;
				SWIFT_OPTIMIZATION_LEVEL = "-Owholemodule";
				TARGETED_DEVICE_FAMILY = "1,2";
				VALIDATE_PRODUCT = YES;
			};
			name = Release;
		};
		C94584701EE7ABB40068265D /* Debug */ = {
			isa = XCBuildConfiguration;
			buildSettings = {
				ASSETCATALOG_COMPILER_APPICON_NAME = AppIcon;
				INFOPLIST_FILE = iWeather/Info.plist;
				LD_RUNPATH_SEARCH_PATHS = "$(inherited) @executable_path/Frameworks";
				PRODUCT_BUNDLE_IDENTIFIER = com.hungtran.iWeather;
				PRODUCT_NAME = "$(TARGET_NAME)";
				SWIFT_VERSION = 3.0;
			};
			name = Debug;
		};
		C94584711EE7ABB40068265D /* Release */ = {
			isa = XCBuildConfiguration;
			buildSettings = {
				ASSETCATALOG_COMPILER_APPICON_NAME = AppIcon;
				INFOPLIST_FILE = iWeather/Info.plist;
				LD_RUNPATH_SEARCH_PATHS = "$(inherited) @executable_path/Frameworks";
				PRODUCT_BUNDLE_IDENTIFIER = com.hungtran.iWeather;
				PRODUCT_NAME = "$(TARGET_NAME)";
				SWIFT_VERSION = 3.0;
			};
			name = Release;
		};
		C94584731EE7ABB40068265D /* Debug */ = {
			isa = XCBuildConfiguration;
			buildSettings = {
				ALWAYS_EMBED_SWIFT_STANDARD_LIBRARIES = YES;
				BUNDLE_LOADER = "$(TEST_HOST)";
				INFOPLIST_FILE = iWeatherTests/Info.plist;
				LD_RUNPATH_SEARCH_PATHS = "$(inherited) @executable_path/Frameworks @loader_path/Frameworks";
				PRODUCT_BUNDLE_IDENTIFIER = com.hungtran.iWeatherTests;
				PRODUCT_NAME = "$(TARGET_NAME)";
				SWIFT_VERSION = 3.0;
				TEST_HOST = "$(BUILT_PRODUCTS_DIR)/iWeather.app/iWeather";
			};
			name = Debug;
		};
		C94584741EE7ABB40068265D /* Release */ = {
			isa = XCBuildConfiguration;
			buildSettings = {
				ALWAYS_EMBED_SWIFT_STANDARD_LIBRARIES = YES;
				BUNDLE_LOADER = "$(TEST_HOST)";
				INFOPLIST_FILE = iWeatherTests/Info.plist;
				LD_RUNPATH_SEARCH_PATHS = "$(inherited) @executable_path/Frameworks @loader_path/Frameworks";
				PRODUCT_BUNDLE_IDENTIFIER = com.hungtran.iWeatherTests;
				PRODUCT_NAME = "$(TARGET_NAME)";
				SWIFT_VERSION = 3.0;
				TEST_HOST = "$(BUILT_PRODUCTS_DIR)/iWeather.app/iWeather";
			};
			name = Release;
		};
		C94584761EE7ABB40068265D /* Debug */ = {
			isa = XCBuildConfiguration;
			buildSettings = {
				ALWAYS_EMBED_SWIFT_STANDARD_LIBRARIES = YES;
				INFOPLIST_FILE = iWeatherUITests/Info.plist;
				LD_RUNPATH_SEARCH_PATHS = "$(inherited) @executable_path/Frameworks @loader_path/Frameworks";
				PRODUCT_BUNDLE_IDENTIFIER = com.hungtran.iWeatherUITests;
				PRODUCT_NAME = "$(TARGET_NAME)";
				SWIFT_VERSION = 3.0;
				TEST_TARGET_NAME = iWeather;
			};
			name = Debug;
		};
		C94584771EE7ABB40068265D /* Release */ = {
			isa = XCBuildConfiguration;
			buildSettings = {
				ALWAYS_EMBED_SWIFT_STANDARD_LIBRARIES = YES;
				INFOPLIST_FILE = iWeatherUITests/Info.plist;
				LD_RUNPATH_SEARCH_PATHS = "$(inherited) @executable_path/Frameworks @loader_path/Frameworks";
				PRODUCT_BUNDLE_IDENTIFIER = com.hungtran.iWeatherUITests;
				PRODUCT_NAME = "$(TARGET_NAME)";
				SWIFT_VERSION = 3.0;
				TEST_TARGET_NAME = iWeather;
			};
			name = Release;
		};
/* End XCBuildConfiguration section */

/* Begin XCConfigurationList section */
		C94584421EE7ABB40068265D /* Build configuration list for PBXProject "iWeather" */ = {
			isa = XCConfigurationList;
			buildConfigurations = (
				C945846D1EE7ABB40068265D /* Debug */,
				C945846E1EE7ABB40068265D /* Release */,
			);
			defaultConfigurationIsVisible = 0;
			defaultConfigurationName = Release;
		};
		C945846F1EE7ABB40068265D /* Build configuration list for PBXNativeTarget "iWeather" */ = {
			isa = XCConfigurationList;
			buildConfigurations = (
				C94584701EE7ABB40068265D /* Debug */,
				C94584711EE7ABB40068265D /* Release */,
			);
			defaultConfigurationIsVisible = 0;
			defaultConfigurationName = Release;
		};
		C94584721EE7ABB40068265D /* Build configuration list for PBXNativeTarget "iWeatherTests" */ = {
			isa = XCConfigurationList;
			buildConfigurations = (
				C94584731EE7ABB40068265D /* Debug */,
				C94584741EE7ABB40068265D /* Release */,
			);
			defaultConfigurationIsVisible = 0;
			defaultConfigurationName = Release;
		};
		C94584751EE7ABB40068265D /* Build configuration list for PBXNativeTarget "iWeatherUITests" */ = {
			isa = XCConfigurationList;
			buildConfigurations = (
				C94584761EE7ABB40068265D /* Debug */,
				C94584771EE7ABB40068265D /* Release */,
			);
			defaultConfigurationIsVisible = 0;
			defaultConfigurationName = Release;
		};
/* End XCConfigurationList section */
	};
	rootObject = C945843F1EE7ABB40068265D /* Project object */;
}
